
Microsoft Visual Studio Solution File, Format Version 12.00
# Visual Studio Version 16
VisualStudioVersion = 16.0.31605.320
MinimumVisualStudioVersion = 10.0.40219.1
Project("{FAE04EC0-301F-11D3-BF4B-00C04F79EFBC}") = "ConsoleApp18", "ConsoleApp18\ConsoleApp18.csproj", "{5C82CB5E-3F8B-45F3-A6D0-2269661FCE8D}"
EndProject
Global
	GlobalSection(SolutionConfigurationPlatforms) = preSolution
		Debug|Any CPU = Debug|Any CPU
		Release|Any CPU = Release|Any CPU
	EndGlobalSection
	GlobalSection(ProjectConfigurationPlatforms) = postSolution
		{5C82CB5E-3F8B-45F3-A6D0-2269661FCE8D}.Debug|Any CPU.ActiveCfg = Debug|Any CPU
		{5C82CB5E-3F8B-45F3-A6D0-2269661FCE8D}.Debug|Any CPU.Build.0 = Debug|Any CPU
		{5C82CB5E-3F8B-45F3-A6D0-2269661FCE8D}.Release|Any CPU.ActiveCfg = Release|Any CPU
		{5C82CB5E-3F8B-45F3-A6D0-2269661FCE8D}.Release|Any CPU.Build.0 = Release|Any CPU
	EndGlobalSection
	GlobalSection(SolutionProperties) = preSolution
		HideSolutionNode = FALSE
	EndGlobalSection
	GlobalSection(ExtensibilityGlobals) = postSolution
		SolutionGuid = {11915395-12AD-47B6-AC85-A77607527AD2}
	EndGlobalSection
EndGlobal
